// !$*UTF8*$!
{
	archiveVersion = 1;
	classes = {
	};
	objectVersion = 46;
	objects = {

/* Begin PBXBuildFile section */
		1BB2EE991C359A9C0066BECE /* SwiftyJSON.framework in Frameworks */ = {isa = PBXBuildFile; fileRef = 1BB2EE981C359A9C0066BECE /* SwiftyJSON.framework */; settings = {ATTRIBUTES = (Required, ); }; };
		1BFC2E7E1BF1AA7300885EBB /* AppDelegate.swift in Sources */ = {isa = PBXBuildFile; fileRef = 1BFC2E7D1BF1AA7300885EBB /* AppDelegate.swift */; };
		1BFC2E801BF1AA7300885EBB /* ImagePickerViewController.swift in Sources */ = {isa = PBXBuildFile; fileRef = 1BFC2E7F1BF1AA7300885EBB /* ImagePickerViewController.swift */; };
		1BFC2E831BF1AA7300885EBB /* Main.storyboard in Resources */ = {isa = PBXBuildFile; fileRef = 1BFC2E811BF1AA7300885EBB /* Main.storyboard */; };
		1BFC2E881BF1AA7300885EBB /* LaunchScreen.storyboard in Resources */ = {isa = PBXBuildFile; fileRef = 1BFC2E861BF1AA7300885EBB /* LaunchScreen.storyboard */; };
		1BFC2E931BF1AA7300885EBB /* imagepickerTests.swift in Sources */ = {isa = PBXBuildFile; fileRef = 1BFC2E921BF1AA7300885EBB /* imagepickerTests.swift */; };
		1BFC2E9E1BF1AA7300885EBB /* imagepickerUITests.swift in Sources */ = {isa = PBXBuildFile; fileRef = 1BFC2E9D1BF1AA7300885EBB /* imagepickerUITests.swift */; };
		BE3BB82B225A0970005544DD /* icons8-play_filled.png in Resources */ = {isa = PBXBuildFile; fileRef = BE3BB82A225A0970005544DD /* icons8-play_filled.png */; };
		BE3BB82F225A719D005544DD /* SearchViewController.swift in Sources */ = {isa = PBXBuildFile; fileRef = BE3BB82E225A719D005544DD /* SearchViewController.swift */; };
		BE3BB831225A74D1005544DD /* animal.swift in Sources */ = {isa = PBXBuildFile; fileRef = BE3BB830225A74D1005544DD /* animal.swift */; };
		BE44AC532295C77A00B0207F /* icon-76@2x.png in Resources */ = {isa = PBXBuildFile; fileRef = BE44AC522295C77A00B0207F /* icon-76@2x.png */; };
		BE79B89E2258E4F6008EAF9C /* SecondaryAnimalDetailViewController.swift in Sources */ = {isa = PBXBuildFile; fileRef = BE79B89D2258E4F6008EAF9C /* SecondaryAnimalDetailViewController.swift */; };
		BE83BF5B228DBBD0002282BA /* RECORD.gif in Resources */ = {isa = PBXBuildFile; fileRef = BE83BF5A228DBBCF002282BA /* RECORD.gif */; };
		BE83BF5E22918BDE002282BA /* arrow.png in Resources */ = {isa = PBXBuildFile; fileRef = BE83BF5D22918BDD002282BA /* arrow.png */; };
		BE935EE82274B11700734CA2 /* QuizeResultViewController.swift in Sources */ = {isa = PBXBuildFile; fileRef = BE935EE72274B11700734CA2 /* QuizeResultViewController.swift */; };
		BE935EEE2275941500734CA2 /* ReportDetailViewController.swift in Sources */ = {isa = PBXBuildFile; fileRef = BE935EED2275941500734CA2 /* ReportDetailViewController.swift */; };
		BE935EF02275976C00734CA2 /* ReportPageViewController.swift in Sources */ = {isa = PBXBuildFile; fileRef = BE935EEF2275976C00734CA2 /* ReportPageViewController.swift */; };
		BE935EF22275BB9E00734CA2 /* EmailPopViewController.swift in Sources */ = {isa = PBXBuildFile; fileRef = BE935EF12275BB9E00734CA2 /* EmailPopViewController.swift */; };
		BE935EF42275C8FE00734CA2 /* PdfViewController.swift in Sources */ = {isa = PBXBuildFile; fileRef = BE935EF32275C8FE00734CA2 /* PdfViewController.swift */; };
		BE9EB33E22771DED00D68188 /* CBToast.swift in Sources */ = {isa = PBXBuildFile; fileRef = BE9EB33D22771DED00D68188 /* CBToast.swift */; };
		BE9EB34022773BA800D68188 /* Assets.xcassets in Resources */ = {isa = PBXBuildFile; fileRef = BE9EB33F22773BA600D68188 /* Assets.xcassets */; };
		BEA9209622733D0700F0209F /* QuizHomeViewController.swift in Sources */ = {isa = PBXBuildFile; fileRef = BEA9209522733D0700F0209F /* QuizHomeViewController.swift */; };
		BEA920982273583300F0209F /* QuizViewController.swift in Sources */ = {isa = PBXBuildFile; fileRef = BEA920972273583300F0209F /* QuizViewController.swift */; };
		BEAD9B462287021F0063B49C /* TSSlidingUpPanelManager.swift in Sources */ = {isa = PBXBuildFile; fileRef = BEAD9B452287021F0063B49C /* TSSlidingUpPanelManager.swift */; };
		BEAD9B48228702540063B49C /* SlidingUpViewController.swift in Sources */ = {isa = PBXBuildFile; fileRef = BEAD9B47228702540063B49C /* SlidingUpViewController.swift */; };
		BEB3FCAD22579799004DFA6B /* AnimalCollectionViewCell.swift in Sources */ = {isa = PBXBuildFile; fileRef = BEB3FCAC22579799004DFA6B /* AnimalCollectionViewCell.swift */; };
		BEB3FCAF225797A5004DFA6B /* AnimalDetailViewController .swift in Sources */ = {isa = PBXBuildFile; fileRef = BEB3FCAE225797A5004DFA6B /* AnimalDetailViewController .swift */; };
		BEB3FCC12257ABC8004DFA6B /* GMUHeatmapTileLayer.m in Sources */ = {isa = PBXBuildFile; fileRef = BEB3FCBB2257ABC8004DFA6B /* GMUHeatmapTileLayer.m */; };
		BEB3FCC22257ABC8004DFA6B /* GMUGradient.m in Sources */ = {isa = PBXBuildFile; fileRef = BEB3FCBC2257ABC8004DFA6B /* GMUGradient.m */; };
		BEB3FCC32257ABC8004DFA6B /* GMUWeightedLatLng.m in Sources */ = {isa = PBXBuildFile; fileRef = BEB3FCC02257ABC8004DFA6B /* GMUWeightedLatLng.m */; };
		BEB3FCCB2257AC76004DFA6B /* GQTPointQuadTree.m in Sources */ = {isa = PBXBuildFile; fileRef = BEB3FCC52257AC76004DFA6B /* GQTPointQuadTree.m */; };
		BEB3FCCC2257AC76004DFA6B /* GQTPointQuadTreeChild.m in Sources */ = {isa = PBXBuildFile; fileRef = BEB3FCC62257AC76004DFA6B /* GQTPointQuadTreeChild.m */; };
		BEBD73FF2280455B0066C8A7 /* CheckListViewController.swift in Sources */ = {isa = PBXBuildFile; fileRef = BEBD73FE2280455B0066C8A7 /* CheckListViewController.swift */; };
		BEBD74132281AEFB0066C8A7 /* AlbumsMapViewController.swift in Sources */ = {isa = PBXBuildFile; fileRef = BEBD74122281AEFB0066C8A7 /* AlbumsMapViewController.swift */; };
		BEBD741E2281B0080066C8A7 /* GMUClusterManager.m in Sources */ = {isa = PBXBuildFile; fileRef = BEBD74162281B0070066C8A7 /* GMUClusterManager.m */; };
		BEBD74212281B0080066C8A7 /* GMUStaticCluster.m in Sources */ = {isa = PBXBuildFile; fileRef = BEBD741D2281B0080066C8A7 /* GMUStaticCluster.m */; };
		BEBD742B2281B4910066C8A7 /* GMUNonHierarchicalDistanceBasedAlgorithm.m in Sources */ = {isa = PBXBuildFile; fileRef = BEBD74222281B4910066C8A7 /* GMUNonHierarchicalDistanceBasedAlgorithm.m */; };
		BEBD742C2281B4910066C8A7 /* GMUSimpleClusterAlgorithm.m in Sources */ = {isa = PBXBuildFile; fileRef = BEBD74262281B4910066C8A7 /* GMUSimpleClusterAlgorithm.m */; };
		BEBD742D2281B4910066C8A7 /* GMUGridBasedClusterAlgorithm.m in Sources */ = {isa = PBXBuildFile; fileRef = BEBD74272281B4910066C8A7 /* GMUGridBasedClusterAlgorithm.m */; };
		BEBD742E2281B4910066C8A7 /* GMUWrappingDictionaryKey.m in Sources */ = {isa = PBXBuildFile; fileRef = BEBD74292281B4910066C8A7 /* GMUWrappingDictionaryKey.m */; };
		BEBD74372281B49D0066C8A7 /* GMUDefaultClusterIconGenerator.m in Sources */ = {isa = PBXBuildFile; fileRef = BEBD74342281B49D0066C8A7 /* GMUDefaultClusterIconGenerator.m */; };
		BEBD74382281B49D0066C8A7 /* GMUDefaultClusterRenderer.m in Sources */ = {isa = PBXBuildFile; fileRef = BEBD74362281B49D0066C8A7 /* GMUDefaultClusterRenderer.m */; };
		BEE502EB22510DB700D753FE /* APIWorker.swift in Sources */ = {isa = PBXBuildFile; fileRef = BEE502EA22510DB700D753FE /* APIWorker.swift */; };
		BEF01227224C446600456638 /* TabBarController.swift in Sources */ = {isa = PBXBuildFile; fileRef = BEF01226224C446600456638 /* TabBarController.swift */; };
		BEF01229224C8A6B00456638 /* MapViewController.swift in Sources */ = {isa = PBXBuildFile; fileRef = BEF01228224C8A6B00456638 /* MapViewController.swift */; };
		BEF9D6FF2269886C00F39F81 /* CheckListTableViewCell.swift in Sources */ = {isa = PBXBuildFile; fileRef = BEF9D6FE2269886C00F39F81 /* CheckListTableViewCell.swift */; };
		BEF9D704226C474C00F39F81 /* imagepicker.xcdatamodeld in Sources */ = {isa = PBXBuildFile; fileRef = BEF9D702226C474C00F39F81 /* imagepicker.xcdatamodeld */; };
		BEF9D709226C8B2D00F39F81 /* ListItem+CoreDataProperties.swift in Sources */ = {isa = PBXBuildFile; fileRef = BEF9D705226C8B2D00F39F81 /* ListItem+CoreDataProperties.swift */; };
		BEF9D70A226C8B2D00F39F81 /* ListItem+CoreDataClass.swift in Sources */ = {isa = PBXBuildFile; fileRef = BEF9D706226C8B2D00F39F81 /* ListItem+CoreDataClass.swift */; };
		BEF9D70B226C8B2D00F39F81 /* CheckList+CoreDataClass.swift in Sources */ = {isa = PBXBuildFile; fileRef = BEF9D707226C8B2D00F39F81 /* CheckList+CoreDataClass.swift */; };
		BEF9D70C226C8B2D00F39F81 /* CheckList+CoreDataProperties.swift in Sources */ = {isa = PBXBuildFile; fileRef = BEF9D708226C8B2D00F39F81 /* CheckList+CoreDataProperties.swift */; };
		BEF9D70E226C8D5E00F39F81 /* ImageWorker.swift in Sources */ = {isa = PBXBuildFile; fileRef = BEF9D70D226C8D5E00F39F81 /* ImageWorker.swift */; };
		BEF9D710226C8E9800F39F81 /* HallsGap.jpg in Resources */ = {isa = PBXBuildFile; fileRef = BEF9D70F226C8E9800F39F81 /* HallsGap.jpg */; };
		BEF9D712226CA60400F39F81 /* GreatOtway.jpg in Resources */ = {isa = PBXBuildFile; fileRef = BEF9D711226CA60300F39F81 /* GreatOtway.jpg */; };
		BEF9D714226CA76F00F39F81 /* Phillip Island.jpg in Resources */ = {isa = PBXBuildFile; fileRef = BEF9D713226CA76F00F39F81 /* Phillip Island.jpg */; };
		BEF9D716226CAB1700F39F81 /* LakeElizabeth.jpg in Resources */ = {isa = PBXBuildFile; fileRef = BEF9D715226CAB1700F39F81 /* LakeElizabeth.jpg */; };
		BEF9D71A226CAE4A00F39F81 /* WilsonsPromontory.jpg in Resources */ = {isa = PBXBuildFile; fileRef = BEF9D719226CAE4A00F39F81 /* WilsonsPromontory.jpg */; };
		BEF9D71C226CB02300F39F81 /* TowerHill.jpg in Resources */ = {isa = PBXBuildFile; fileRef = BEF9D71B226CB02300F39F81 /* TowerHill.jpg */; };
		BEF9D71E226CB07E00F39F81 /* HealesvilleSanctuary.jpg in Resources */ = {isa = PBXBuildFile; fileRef = BEF9D71D226CB07E00F39F81 /* HealesvilleSanctuary.jpg */; };
		BEF9D722226E159900F39F81 /* CheclistItemsTableViewCell.swift in Sources */ = {isa = PBXBuildFile; fileRef = BEF9D721226E159900F39F81 /* CheclistItemsTableViewCell.swift */; };
		BEF9D728226E211A00F39F81 /* CheckListItemViewController.swift in Sources */ = {isa = PBXBuildFile; fileRef = BEF9D727226E211A00F39F81 /* CheckListItemViewController.swift */; };
		BEF9D72A2270D30000F39F81 /* IdentificationPageViewController.swift in Sources */ = {isa = PBXBuildFile; fileRef = BEF9D7292270D30000F39F81 /* IdentificationPageViewController.swift */; };
		C39E7AF606DA374CFC335153 /* Pods_AnimalsSpeak.framework in Frameworks */ = {isa = PBXBuildFile; fileRef = 462B58F310E92D3BC146B584 /* Pods_AnimalsSpeak.framework */; };
/* End PBXBuildFile section */

/* Begin PBXContainerItemProxy section */
		1BFC2E8F1BF1AA7300885EBB /* PBXContainerItemProxy */ = {
			isa = PBXContainerItemProxy;
			containerPortal = 1BFC2E721BF1AA7300885EBB /* Project object */;
			proxyType = 1;
			remoteGlobalIDString = 1BFC2E791BF1AA7300885EBB;
			remoteInfo = imagepicker;
		};
		1BFC2E9A1BF1AA7300885EBB /* PBXContainerItemProxy */ = {
			isa = PBXContainerItemProxy;
			containerPortal = 1BFC2E721BF1AA7300885EBB /* Project object */;
			proxyType = 1;
			remoteGlobalIDString = 1BFC2E791BF1AA7300885EBB;
			remoteInfo = imagepicker;
		};
/* End PBXContainerItemProxy section */

/* Begin PBXFileReference section */
		1BB2EE981C359A9C0066BECE /* SwiftyJSON.framework */ = {isa = PBXFileReference; lastKnownFileType = wrapper.framework; name = SwiftyJSON.framework; path = "Pods/../build/Debug-iphoneos/SwiftyJSON.framework"; sourceTree = "<group>"; };
		1BFC2E7A1BF1AA7300885EBB /* AnimalsSpeak.app */ = {isa = PBXFileReference; explicitFileType = wrapper.application; includeInIndex = 0; path = AnimalsSpeak.app; sourceTree = BUILT_PRODUCTS_DIR; };
		1BFC2E7D1BF1AA7300885EBB /* AppDelegate.swift */ = {isa = PBXFileReference; lastKnownFileType = sourcecode.swift; path = AppDelegate.swift; sourceTree = "<group>"; };
		1BFC2E7F1BF1AA7300885EBB /* ImagePickerViewController.swift */ = {isa = PBXFileReference; lastKnownFileType = sourcecode.swift; path = ImagePickerViewController.swift; sourceTree = "<group>"; };
		1BFC2E821BF1AA7300885EBB /* Base */ = {isa = PBXFileReference; lastKnownFileType = file.storyboard; name = Base; path = Base.lproj/Main.storyboard; sourceTree = "<group>"; };
		1BFC2E871BF1AA7300885EBB /* Base */ = {isa = PBXFileReference; lastKnownFileType = file.storyboard; name = Base; path = Base.lproj/LaunchScreen.storyboard; sourceTree = "<group>"; };
		1BFC2E891BF1AA7300885EBB /* Info.plist */ = {isa = PBXFileReference; lastKnownFileType = text.plist.xml; path = Info.plist; sourceTree = "<group>"; };
		1BFC2E8E1BF1AA7300885EBB /* AnimalsSpeakTests.xctest */ = {isa = PBXFileReference; explicitFileType = wrapper.cfbundle; includeInIndex = 0; path = AnimalsSpeakTests.xctest; sourceTree = BUILT_PRODUCTS_DIR; };
		1BFC2E921BF1AA7300885EBB /* imagepickerTests.swift */ = {isa = PBXFileReference; lastKnownFileType = sourcecode.swift; path = imagepickerTests.swift; sourceTree = "<group>"; };
		1BFC2E941BF1AA7300885EBB /* Info.plist */ = {isa = PBXFileReference; lastKnownFileType = text.plist.xml; path = Info.plist; sourceTree = "<group>"; };
		1BFC2E991BF1AA7300885EBB /* AnimalsSpeakUITests.xctest */ = {isa = PBXFileReference; explicitFileType = wrapper.cfbundle; includeInIndex = 0; path = AnimalsSpeakUITests.xctest; sourceTree = BUILT_PRODUCTS_DIR; };
		1BFC2E9D1BF1AA7300885EBB /* imagepickerUITests.swift */ = {isa = PBXFileReference; lastKnownFileType = sourcecode.swift; path = imagepickerUITests.swift; sourceTree = "<group>"; };
		1BFC2E9F1BF1AA7300885EBB /* Info.plist */ = {isa = PBXFileReference; lastKnownFileType = text.plist.xml; path = Info.plist; sourceTree = "<group>"; };
		249890A99ED0C03E4BF78770 /* Pods_imagepicker.framework */ = {isa = PBXFileReference; explicitFileType = wrapper.framework; includeInIndex = 0; path = Pods_imagepicker.framework; sourceTree = BUILT_PRODUCTS_DIR; };
		39CF979D4FE706B3A1A1DD8B /* Pods-imagepicker.release.xcconfig */ = {isa = PBXFileReference; includeInIndex = 1; lastKnownFileType = text.xcconfig; name = "Pods-imagepicker.release.xcconfig"; path = "Pods/Target Support Files/Pods-imagepicker/Pods-imagepicker.release.xcconfig"; sourceTree = "<group>"; };
		462B58F310E92D3BC146B584 /* Pods_AnimalsSpeak.framework */ = {isa = PBXFileReference; explicitFileType = wrapper.framework; includeInIndex = 0; path = Pods_AnimalsSpeak.framework; sourceTree = BUILT_PRODUCTS_DIR; };
		74020C5A34CCEA46BB743E3C /* Pods-AnimalsSpeak.release.xcconfig */ = {isa = PBXFileReference; includeInIndex = 1; lastKnownFileType = text.xcconfig; name = "Pods-AnimalsSpeak.release.xcconfig"; path = "Pods/Target Support Files/Pods-AnimalsSpeak/Pods-AnimalsSpeak.release.xcconfig"; sourceTree = "<group>"; };
		BE3BB82A225A0970005544DD /* icons8-play_filled.png */ = {isa = PBXFileReference; lastKnownFileType = image.png; path = "icons8-play_filled.png"; sourceTree = "<group>"; };
		BE3BB82E225A719D005544DD /* SearchViewController.swift */ = {isa = PBXFileReference; lastKnownFileType = sourcecode.swift; path = SearchViewController.swift; sourceTree = "<group>"; };
		BE3BB830225A74D1005544DD /* animal.swift */ = {isa = PBXFileReference; lastKnownFileType = sourcecode.swift; path = animal.swift; sourceTree = "<group>"; };
		BE44AC522295C77A00B0207F /* icon-76@2x.png */ = {isa = PBXFileReference; lastKnownFileType = image.png; name = "icon-76@2x.png"; path = "Assets.xcassets/AppIcon.appiconset/icon-76@2x.png"; sourceTree = "<group>"; };
		BE79B89D2258E4F6008EAF9C /* SecondaryAnimalDetailViewController.swift */ = {isa = PBXFileReference; lastKnownFileType = sourcecode.swift; path = SecondaryAnimalDetailViewController.swift; sourceTree = "<group>"; };
		BE83BF5A228DBBCF002282BA /* RECORD.gif */ = {isa = PBXFileReference; lastKnownFileType = image.gif; path = RECORD.gif; sourceTree = "<group>"; };
		BE83BF5D22918BDD002282BA /* arrow.png */ = {isa = PBXFileReference; lastKnownFileType = image.png; path = arrow.png; sourceTree = "<group>"; };
		BE935EE72274B11700734CA2 /* QuizeResultViewController.swift */ = {isa = PBXFileReference; lastKnownFileType = sourcecode.swift; path = QuizeResultViewController.swift; sourceTree = "<group>"; };
		BE935EED2275941500734CA2 /* ReportDetailViewController.swift */ = {isa = PBXFileReference; lastKnownFileType = sourcecode.swift; path = ReportDetailViewController.swift; sourceTree = "<group>"; };
		BE935EEF2275976C00734CA2 /* ReportPageViewController.swift */ = {isa = PBXFileReference; lastKnownFileType = sourcecode.swift; path = ReportPageViewController.swift; sourceTree = "<group>"; };
		BE935EF12275BB9E00734CA2 /* EmailPopViewController.swift */ = {isa = PBXFileReference; lastKnownFileType = sourcecode.swift; path = EmailPopViewController.swift; sourceTree = "<group>"; };
		BE935EF32275C8FE00734CA2 /* PdfViewController.swift */ = {isa = PBXFileReference; lastKnownFileType = sourcecode.swift; path = PdfViewController.swift; sourceTree = "<group>"; };
		BE9EB33D22771DED00D68188 /* CBToast.swift */ = {isa = PBXFileReference; fileEncoding = 4; lastKnownFileType = sourcecode.swift; path = CBToast.swift; sourceTree = "<group>"; };
		BE9EB33F22773BA600D68188 /* Assets.xcassets */ = {isa = PBXFileReference; lastKnownFileType = folder.assetcatalog; path = Assets.xcassets; sourceTree = "<group>"; };
		BEA9209522733D0700F0209F /* QuizHomeViewController.swift */ = {isa = PBXFileReference; lastKnownFileType = sourcecode.swift; path = QuizHomeViewController.swift; sourceTree = "<group>"; };
		BEA920972273583300F0209F /* QuizViewController.swift */ = {isa = PBXFileReference; lastKnownFileType = sourcecode.swift; path = QuizViewController.swift; sourceTree = "<group>"; };
		BEAD9B452287021F0063B49C /* TSSlidingUpPanelManager.swift */ = {isa = PBXFileReference; fileEncoding = 4; lastKnownFileType = sourcecode.swift; path = TSSlidingUpPanelManager.swift; sourceTree = "<group>"; };
		BEAD9B47228702540063B49C /* SlidingUpViewController.swift */ = {isa = PBXFileReference; lastKnownFileType = sourcecode.swift; path = SlidingUpViewController.swift; sourceTree = "<group>"; };
		BEB3FCAC22579799004DFA6B /* AnimalCollectionViewCell.swift */ = {isa = PBXFileReference; fileEncoding = 4; lastKnownFileType = sourcecode.swift; path = AnimalCollectionViewCell.swift; sourceTree = "<group>"; };
		BEB3FCAE225797A5004DFA6B /* AnimalDetailViewController .swift */ = {isa = PBXFileReference; fileEncoding = 4; lastKnownFileType = sourcecode.swift; path = "AnimalDetailViewController .swift"; sourceTree = "<group>"; };
		BEB3FCB92257A8B0004DFA6B /* imagepicker-Bridging-Header.h */ = {isa = PBXFileReference; lastKnownFileType = sourcecode.c.h; path = "imagepicker-Bridging-Header.h"; sourceTree = "<group>"; };
		BEB3FCBB2257ABC8004DFA6B /* GMUHeatmapTileLayer.m */ = {isa = PBXFileReference; fileEncoding = 4; lastKnownFileType = sourcecode.c.objc; path = GMUHeatmapTileLayer.m; sourceTree = "<group>"; };
		BEB3FCBC2257ABC8004DFA6B /* GMUGradient.m */ = {isa = PBXFileReference; fileEncoding = 4; lastKnownFileType = sourcecode.c.objc; path = GMUGradient.m; sourceTree = "<group>"; };
		BEB3FCBD2257ABC8004DFA6B /* GMUGradient.h */ = {isa = PBXFileReference; fileEncoding = 4; lastKnownFileType = sourcecode.c.h; path = GMUGradient.h; sourceTree = "<group>"; };
		BEB3FCBE2257ABC8004DFA6B /* GMUHeatmapTileLayer.h */ = {isa = PBXFileReference; fileEncoding = 4; lastKnownFileType = sourcecode.c.h; path = GMUHeatmapTileLayer.h; sourceTree = "<group>"; };
		BEB3FCBF2257ABC8004DFA6B /* GMUWeightedLatLng.h */ = {isa = PBXFileReference; fileEncoding = 4; lastKnownFileType = sourcecode.c.h; path = GMUWeightedLatLng.h; sourceTree = "<group>"; };
		BEB3FCC02257ABC8004DFA6B /* GMUWeightedLatLng.m */ = {isa = PBXFileReference; fileEncoding = 4; lastKnownFileType = sourcecode.c.objc; path = GMUWeightedLatLng.m; sourceTree = "<group>"; };
		BEB3FCC42257AC76004DFA6B /* GQTPoint.h */ = {isa = PBXFileReference; fileEncoding = 4; lastKnownFileType = sourcecode.c.h; path = GQTPoint.h; sourceTree = "<group>"; };
		BEB3FCC52257AC76004DFA6B /* GQTPointQuadTree.m */ = {isa = PBXFileReference; fileEncoding = 4; lastKnownFileType = sourcecode.c.objc; path = GQTPointQuadTree.m; sourceTree = "<group>"; };
		BEB3FCC62257AC76004DFA6B /* GQTPointQuadTreeChild.m */ = {isa = PBXFileReference; fileEncoding = 4; lastKnownFileType = sourcecode.c.objc; path = GQTPointQuadTreeChild.m; sourceTree = "<group>"; };
		BEB3FCC72257AC76004DFA6B /* GQTPointQuadTree.h */ = {isa = PBXFileReference; fileEncoding = 4; lastKnownFileType = sourcecode.c.h; path = GQTPointQuadTree.h; sourceTree = "<group>"; };
		BEB3FCC82257AC76004DFA6B /* GQTPointQuadTreeChild.h */ = {isa = PBXFileReference; fileEncoding = 4; lastKnownFileType = sourcecode.c.h; path = GQTPointQuadTreeChild.h; sourceTree = "<group>"; };
		BEB3FCC92257AC76004DFA6B /* GQTBounds.h */ = {isa = PBXFileReference; fileEncoding = 4; lastKnownFileType = sourcecode.c.h; path = GQTBounds.h; sourceTree = "<group>"; };
		BEB3FCCA2257AC76004DFA6B /* GQTPointQuadTreeItem.h */ = {isa = PBXFileReference; fileEncoding = 4; lastKnownFileType = sourcecode.c.h; path = GQTPointQuadTreeItem.h; sourceTree = "<group>"; };
		BEBD73FE2280455B0066C8A7 /* CheckListViewController.swift */ = {isa = PBXFileReference; lastKnownFileType = sourcecode.swift; path = CheckListViewController.swift; sourceTree = "<group>"; };
		BEBD74122281AEFB0066C8A7 /* AlbumsMapViewController.swift */ = {isa = PBXFileReference; lastKnownFileType = sourcecode.swift; path = AlbumsMapViewController.swift; sourceTree = "<group>"; };
		BEBD74142281B0070066C8A7 /* GMUClusterManager.h */ = {isa = PBXFileReference; fileEncoding = 4; lastKnownFileType = sourcecode.c.h; path = GMUClusterManager.h; sourceTree = "<group>"; };
		BEBD74152281B0070066C8A7 /* GMUMarkerClustering.h */ = {isa = PBXFileReference; fileEncoding = 4; lastKnownFileType = sourcecode.c.h; path = GMUMarkerClustering.h; sourceTree = "<group>"; };
		BEBD74162281B0070066C8A7 /* GMUClusterManager.m */ = {isa = PBXFileReference; fileEncoding = 4; lastKnownFileType = sourcecode.c.objc; path = GMUClusterManager.m; sourceTree = "<group>"; };
		BEBD74182281B0070066C8A7 /* GMUClusterManager+Testing.h */ = {isa = PBXFileReference; fileEncoding = 4; lastKnownFileType = sourcecode.c.h; path = "GMUClusterManager+Testing.h"; sourceTree = "<group>"; };
		BEBD741A2281B0070066C8A7 /* GMUClusterItem.h */ = {isa = PBXFileReference; fileEncoding = 4; lastKnownFileType = sourcecode.c.h; path = GMUClusterItem.h; sourceTree = "<group>"; };
		BEBD741B2281B0070066C8A7 /* GMUCluster.h */ = {isa = PBXFileReference; fileEncoding = 4; lastKnownFileType = sourcecode.c.h; path = GMUCluster.h; sourceTree = "<group>"; };
		BEBD741C2281B0080066C8A7 /* GMUStaticCluster.h */ = {isa = PBXFileReference; fileEncoding = 4; lastKnownFileType = sourcecode.c.h; path = GMUStaticCluster.h; sourceTree = "<group>"; };
		BEBD741D2281B0080066C8A7 /* GMUStaticCluster.m */ = {isa = PBXFileReference; fileEncoding = 4; lastKnownFileType = sourcecode.c.objc; path = GMUStaticCluster.m; sourceTree = "<group>"; };
		BEBD74222281B4910066C8A7 /* GMUNonHierarchicalDistanceBasedAlgorithm.m */ = {isa = PBXFileReference; fileEncoding = 4; lastKnownFileType = sourcecode.c.objc; path = GMUNonHierarchicalDistanceBasedAlgorithm.m; sourceTree = "<group>"; };
		BEBD74232281B4910066C8A7 /* GMUGridBasedClusterAlgorithm.h */ = {isa = PBXFileReference; fileEncoding = 4; lastKnownFileType = sourcecode.c.h; path = GMUGridBasedClusterAlgorithm.h; sourceTree = "<group>"; };
		BEBD74242281B4910066C8A7 /* GMUWrappingDictionaryKey.h */ = {isa = PBXFileReference; fileEncoding = 4; lastKnownFileType = sourcecode.c.h; path = GMUWrappingDictionaryKey.h; sourceTree = "<group>"; };
		BEBD74252281B4910066C8A7 /* GMUNonHierarchicalDistanceBasedAlgorithm.h */ = {isa = PBXFileReference; fileEncoding = 4; lastKnownFileType = sourcecode.c.h; path = GMUNonHierarchicalDistanceBasedAlgorithm.h; sourceTree = "<group>"; };
		BEBD74262281B4910066C8A7 /* GMUSimpleClusterAlgorithm.m */ = {isa = PBXFileReference; fileEncoding = 4; lastKnownFileType = sourcecode.c.objc; path = GMUSimpleClusterAlgorithm.m; sourceTree = "<group>"; };
		BEBD74272281B4910066C8A7 /* GMUGridBasedClusterAlgorithm.m */ = {isa = PBXFileReference; fileEncoding = 4; lastKnownFileType = sourcecode.c.objc; path = GMUGridBasedClusterAlgorithm.m; sourceTree = "<group>"; };
		BEBD74282281B4910066C8A7 /* GMUClusterAlgorithm.h */ = {isa = PBXFileReference; fileEncoding = 4; lastKnownFileType = sourcecode.c.h; path = GMUClusterAlgorithm.h; sourceTree = "<group>"; };
		BEBD74292281B4910066C8A7 /* GMUWrappingDictionaryKey.m */ = {isa = PBXFileReference; fileEncoding = 4; lastKnownFileType = sourcecode.c.objc; path = GMUWrappingDictionaryKey.m; sourceTree = "<group>"; };
		BEBD742A2281B4910066C8A7 /* GMUSimpleClusterAlgorithm.h */ = {isa = PBXFileReference; fileEncoding = 4; lastKnownFileType = sourcecode.c.h; path = GMUSimpleClusterAlgorithm.h; sourceTree = "<group>"; };
		BEBD742F2281B49D0066C8A7 /* GMUClusterIconGenerator.h */ = {isa = PBXFileReference; fileEncoding = 4; lastKnownFileType = sourcecode.c.h; path = GMUClusterIconGenerator.h; sourceTree = "<group>"; };
		BEBD74302281B49D0066C8A7 /* GMUDefaultClusterRenderer+Testing.h */ = {isa = PBXFileReference; fileEncoding = 4; lastKnownFileType = sourcecode.c.h; path = "GMUDefaultClusterRenderer+Testing.h"; sourceTree = "<group>"; };
		BEBD74312281B49D0066C8A7 /* GMUDefaultClusterRenderer.h */ = {isa = PBXFileReference; fileEncoding = 4; lastKnownFileType = sourcecode.c.h; path = GMUDefaultClusterRenderer.h; sourceTree = "<group>"; };
		BEBD74322281B49D0066C8A7 /* GMUDefaultClusterIconGenerator+Testing.h */ = {isa = PBXFileReference; fileEncoding = 4; lastKnownFileType = sourcecode.c.h; path = "GMUDefaultClusterIconGenerator+Testing.h"; sourceTree = "<group>"; };
		BEBD74332281B49D0066C8A7 /* GMUClusterRenderer.h */ = {isa = PBXFileReference; fileEncoding = 4; lastKnownFileType = sourcecode.c.h; path = GMUClusterRenderer.h; sourceTree = "<group>"; };
		BEBD74342281B49D0066C8A7 /* GMUDefaultClusterIconGenerator.m */ = {isa = PBXFileReference; fileEncoding = 4; lastKnownFileType = sourcecode.c.objc; path = GMUDefaultClusterIconGenerator.m; sourceTree = "<group>"; };
		BEBD74352281B49D0066C8A7 /* GMUDefaultClusterIconGenerator.h */ = {isa = PBXFileReference; fileEncoding = 4; lastKnownFileType = sourcecode.c.h; path = GMUDefaultClusterIconGenerator.h; sourceTree = "<group>"; };
		BEBD74362281B49D0066C8A7 /* GMUDefaultClusterRenderer.m */ = {isa = PBXFileReference; fileEncoding = 4; lastKnownFileType = sourcecode.c.objc; path = GMUDefaultClusterRenderer.m; sourceTree = "<group>"; };
		BEE502EA22510DB700D753FE /* APIWorker.swift */ = {isa = PBXFileReference; lastKnownFileType = sourcecode.swift; path = APIWorker.swift; sourceTree = "<group>"; };
		BEF01226224C446600456638 /* TabBarController.swift */ = {isa = PBXFileReference; lastKnownFileType = sourcecode.swift; path = TabBarController.swift; sourceTree = "<group>"; };
		BEF01228224C8A6B00456638 /* MapViewController.swift */ = {isa = PBXFileReference; lastKnownFileType = sourcecode.swift; path = MapViewController.swift; sourceTree = "<group>"; };
		BEF9D6FE2269886C00F39F81 /* CheckListTableViewCell.swift */ = {isa = PBXFileReference; lastKnownFileType = sourcecode.swift; path = CheckListTableViewCell.swift; sourceTree = "<group>"; };
		BEF9D703226C474C00F39F81 /* imagepicker.xcdatamodel */ = {isa = PBXFileReference; lastKnownFileType = wrapper.xcdatamodel; path = imagepicker.xcdatamodel; sourceTree = "<group>"; };
		BEF9D705226C8B2D00F39F81 /* ListItem+CoreDataProperties.swift */ = {isa = PBXFileReference; fileEncoding = 4; lastKnownFileType = sourcecode.swift; path = "ListItem+CoreDataProperties.swift"; sourceTree = "<group>"; };
		BEF9D706226C8B2D00F39F81 /* ListItem+CoreDataClass.swift */ = {isa = PBXFileReference; fileEncoding = 4; lastKnownFileType = sourcecode.swift; path = "ListItem+CoreDataClass.swift"; sourceTree = "<group>"; };
		BEF9D707226C8B2D00F39F81 /* CheckList+CoreDataClass.swift */ = {isa = PBXFileReference; fileEncoding = 4; lastKnownFileType = sourcecode.swift; path = "CheckList+CoreDataClass.swift"; sourceTree = "<group>"; };
		BEF9D708226C8B2D00F39F81 /* CheckList+CoreDataProperties.swift */ = {isa = PBXFileReference; fileEncoding = 4; lastKnownFileType = sourcecode.swift; path = "CheckList+CoreDataProperties.swift"; sourceTree = "<group>"; };
		BEF9D70D226C8D5E00F39F81 /* ImageWorker.swift */ = {isa = PBXFileReference; lastKnownFileType = sourcecode.swift; path = ImageWorker.swift; sourceTree = "<group>"; };
		BEF9D70F226C8E9800F39F81 /* HallsGap.jpg */ = {isa = PBXFileReference; lastKnownFileType = image.jpeg; path = HallsGap.jpg; sourceTree = "<group>"; };
		BEF9D711226CA60300F39F81 /* GreatOtway.jpg */ = {isa = PBXFileReference; lastKnownFileType = image.jpeg; path = GreatOtway.jpg; sourceTree = "<group>"; };
		BEF9D713226CA76F00F39F81 /* Phillip Island.jpg */ = {isa = PBXFileReference; lastKnownFileType = image.jpeg; path = "Phillip Island.jpg"; sourceTree = "<group>"; };
		BEF9D715226CAB1700F39F81 /* LakeElizabeth.jpg */ = {isa = PBXFileReference; lastKnownFileType = image.jpeg; path = LakeElizabeth.jpg; sourceTree = "<group>"; };
		BEF9D719226CAE4A00F39F81 /* WilsonsPromontory.jpg */ = {isa = PBXFileReference; lastKnownFileType = image.jpeg; path = WilsonsPromontory.jpg; sourceTree = "<group>"; };
		BEF9D71B226CB02300F39F81 /* TowerHill.jpg */ = {isa = PBXFileReference; lastKnownFileType = image.jpeg; path = TowerHill.jpg; sourceTree = "<group>"; };
		BEF9D71D226CB07E00F39F81 /* HealesvilleSanctuary.jpg */ = {isa = PBXFileReference; lastKnownFileType = image.jpeg; path = HealesvilleSanctuary.jpg; sourceTree = "<group>"; };
		BEF9D721226E159900F39F81 /* CheclistItemsTableViewCell.swift */ = {isa = PBXFileReference; lastKnownFileType = sourcecode.swift; path = CheclistItemsTableViewCell.swift; sourceTree = "<group>"; };
		BEF9D727226E211A00F39F81 /* CheckListItemViewController.swift */ = {isa = PBXFileReference; lastKnownFileType = sourcecode.swift; path = CheckListItemViewController.swift; sourceTree = "<group>"; };
		BEF9D7292270D30000F39F81 /* IdentificationPageViewController.swift */ = {isa = PBXFileReference; lastKnownFileType = sourcecode.swift; path = IdentificationPageViewController.swift; sourceTree = "<group>"; };
		D1D2D37BECBAFEFA38A63C60 /* Pods-imagepicker.debug.xcconfig */ = {isa = PBXFileReference; includeInIndex = 1; lastKnownFileType = text.xcconfig; name = "Pods-imagepicker.debug.xcconfig"; path = "Pods/Target Support Files/Pods-imagepicker/Pods-imagepicker.debug.xcconfig"; sourceTree = "<group>"; };
		F69A54D55F1D8E7C00C32240 /* Pods-AnimalsSpeak.debug.xcconfig */ = {isa = PBXFileReference; includeInIndex = 1; lastKnownFileType = text.xcconfig; name = "Pods-AnimalsSpeak.debug.xcconfig"; path = "Pods/Target Support Files/Pods-AnimalsSpeak/Pods-AnimalsSpeak.debug.xcconfig"; sourceTree = "<group>"; };
/* End PBXFileReference section */

/* Begin PBXFrameworksBuildPhase section */
		1BFC2E771BF1AA7300885EBB /* Frameworks */ = {
			isa = PBXFrameworksBuildPhase;
			buildActionMask = 2147483647;
			files = (
				1BB2EE991C359A9C0066BECE /* SwiftyJSON.framework in Frameworks */,
				C39E7AF606DA374CFC335153 /* Pods_AnimalsSpeak.framework in Frameworks */,
			);
			runOnlyForDeploymentPostprocessing = 0;
		};
		1BFC2E8B1BF1AA7300885EBB /* Frameworks */ = {
			isa = PBXFrameworksBuildPhase;
			buildActionMask = 2147483647;
			files = (
			);
			runOnlyForDeploymentPostprocessing = 0;
		};
		1BFC2E961BF1AA7300885EBB /* Frameworks */ = {
			isa = PBXFrameworksBuildPhase;
			buildActionMask = 2147483647;
			files = (
			);
			runOnlyForDeploymentPostprocessing = 0;
		};
/* End PBXFrameworksBuildPhase section */

/* Begin PBXGroup section */
		1A7875495C2015C0FC41D8D9 /* Frameworks */ = {
			isa = PBXGroup;
			children = (
				1BB2EE981C359A9C0066BECE /* SwiftyJSON.framework */,
				249890A99ED0C03E4BF78770 /* Pods_imagepicker.framework */,
			);
			name = Frameworks;
			sourceTree = "<group>";
		};
		1BFC2E711BF1AA7300885EBB = {
			isa = PBXGroup;
			children = (
				BEAD9B44228702070063B49C /* SlidingView */,
				BEB3FCBA2257AB6A004DFA6B /* Google-Maps-iOS-Utils */,
				BEB3FCB92257A8B0004DFA6B /* imagepicker-Bridging-Header.h */,
				1BFC2E7C1BF1AA7300885EBB /* AnimalsSpeak */,
				1BFC2E911BF1AA7300885EBB /* imagepickerTests */,
				1BFC2E9C1BF1AA7300885EBB /* imagepickerUITests */,
				1BFC2E7B1BF1AA7300885EBB /* Products */,
				BE5828B94D8C2B8600046DBC /* Pods */,
				C98069B286957C6B2EB85FC4 /* Frameworks */,
			);
			sourceTree = "<group>";
		};
		1BFC2E7B1BF1AA7300885EBB /* Products */ = {
			isa = PBXGroup;
			children = (
				1BFC2E7A1BF1AA7300885EBB /* AnimalsSpeak.app */,
				1BFC2E8E1BF1AA7300885EBB /* AnimalsSpeakTests.xctest */,
				1BFC2E991BF1AA7300885EBB /* AnimalsSpeakUITests.xctest */,
			);
			name = Products;
			sourceTree = "<group>";
		};
		1BFC2E7C1BF1AA7300885EBB /* AnimalsSpeak */ = {
			isa = PBXGroup;
			children = (
				BEF9D70F226C8E9800F39F81 /* HallsGap.jpg */,
				BEF9D711226CA60300F39F81 /* GreatOtway.jpg */,
				BE3BB82A225A0970005544DD /* icons8-play_filled.png */,
				BEF9D71B226CB02300F39F81 /* TowerHill.jpg */,
				BEF9D713226CA76F00F39F81 /* Phillip Island.jpg */,
				BEF9D71D226CB07E00F39F81 /* HealesvilleSanctuary.jpg */,
				BEF9D715226CAB1700F39F81 /* LakeElizabeth.jpg */,
				BEF9D719226CAE4A00F39F81 /* WilsonsPromontory.jpg */,
				BE79B89D2258E4F6008EAF9C /* SecondaryAnimalDetailViewController.swift */,
				1BFC2E7D1BF1AA7300885EBB /* AppDelegate.swift */,
				1BFC2E7F1BF1AA7300885EBB /* ImagePickerViewController.swift */,
				BEB3FCAC22579799004DFA6B /* AnimalCollectionViewCell.swift */,
				1BFC2E811BF1AA7300885EBB /* Main.storyboard */,
				BEB3FCAE225797A5004DFA6B /* AnimalDetailViewController .swift */,
				1BFC2E861BF1AA7300885EBB /* LaunchScreen.storyboard */,
				BE83BF5A228DBBCF002282BA /* RECORD.gif */,
				BE83BF5D22918BDD002282BA /* arrow.png */,
				1BFC2E891BF1AA7300885EBB /* Info.plist */,
				BEF01226224C446600456638 /* TabBarController.swift */,
				BEF01228224C8A6B00456638 /* MapViewController.swift */,
				BEE502EA22510DB700D753FE /* APIWorker.swift */,
				BE44AC522295C77A00B0207F /* icon-76@2x.png */,
				BE9EB33F22773BA600D68188 /* Assets.xcassets */,
				BE3BB82E225A719D005544DD /* SearchViewController.swift */,
				BE3BB830225A74D1005544DD /* animal.swift */,
				BEF9D6FE2269886C00F39F81 /* CheckListTableViewCell.swift */,
				BEF9D707226C8B2D00F39F81 /* CheckList+CoreDataClass.swift */,
				BEF9D708226C8B2D00F39F81 /* CheckList+CoreDataProperties.swift */,
				BEF9D706226C8B2D00F39F81 /* ListItem+CoreDataClass.swift */,
				BEF9D705226C8B2D00F39F81 /* ListItem+CoreDataProperties.swift */,
				BEF9D702226C474C00F39F81 /* imagepicker.xcdatamodeld */,
				BEF9D70D226C8D5E00F39F81 /* ImageWorker.swift */,
				BEF9D721226E159900F39F81 /* CheclistItemsTableViewCell.swift */,
				BEF9D727226E211A00F39F81 /* CheckListItemViewController.swift */,
				BEF9D7292270D30000F39F81 /* IdentificationPageViewController.swift */,
				BEA9209522733D0700F0209F /* QuizHomeViewController.swift */,
				BEA920972273583300F0209F /* QuizViewController.swift */,
				BE935EE72274B11700734CA2 /* QuizeResultViewController.swift */,
				BE935EED2275941500734CA2 /* ReportDetailViewController.swift */,
				BE935EEF2275976C00734CA2 /* ReportPageViewController.swift */,
				BE935EF12275BB9E00734CA2 /* EmailPopViewController.swift */,
				BE935EF32275C8FE00734CA2 /* PdfViewController.swift */,
				BE9EB33D22771DED00D68188 /* CBToast.swift */,
				BEBD73FE2280455B0066C8A7 /* CheckListViewController.swift */,
				BEBD74122281AEFB0066C8A7 /* AlbumsMapViewController.swift */,
				BEAD9B47228702540063B49C /* SlidingUpViewController.swift */,
			);
			path = AnimalsSpeak;
			sourceTree = "<group>";
		};
		1BFC2E911BF1AA7300885EBB /* imagepickerTests */ = {
			isa = PBXGroup;
			children = (
				1BFC2E921BF1AA7300885EBB /* imagepickerTests.swift */,
				1BFC2E941BF1AA7300885EBB /* Info.plist */,
			);
			path = imagepickerTests;
			sourceTree = "<group>";
		};
		1BFC2E9C1BF1AA7300885EBB /* imagepickerUITests */ = {
			isa = PBXGroup;
			children = (
				1BFC2E9D1BF1AA7300885EBB /* imagepickerUITests.swift */,
				1BFC2E9F1BF1AA7300885EBB /* Info.plist */,
			);
			path = imagepickerUITests;
			sourceTree = "<group>";
		};
		BE5828B94D8C2B8600046DBC /* Pods */ = {
			isa = PBXGroup;
			children = (
				1A7875495C2015C0FC41D8D9 /* Frameworks */,
				D1D2D37BECBAFEFA38A63C60 /* Pods-imagepicker.debug.xcconfig */,
				39CF979D4FE706B3A1A1DD8B /* Pods-imagepicker.release.xcconfig */,
				F69A54D55F1D8E7C00C32240 /* Pods-AnimalsSpeak.debug.xcconfig */,
				74020C5A34CCEA46BB743E3C /* Pods-AnimalsSpeak.release.xcconfig */,
			);
			name = Pods;
			sourceTree = "<group>";
		};
		BEAD9B44228702070063B49C /* SlidingView */ = {
			isa = PBXGroup;
			children = (
				BEAD9B452287021F0063B49C /* TSSlidingUpPanelManager.swift */,
			);
			path = SlidingView;
			sourceTree = "<group>";
		};
		BEB3FCBA2257AB6A004DFA6B /* Google-Maps-iOS-Utils */ = {
			isa = PBXGroup;
			children = (
				BEBD741B2281B0070066C8A7 /* GMUCluster.h */,
				BEBD742F2281B49D0066C8A7 /* GMUClusterIconGenerator.h */,
				BEBD74332281B49D0066C8A7 /* GMUClusterRenderer.h */,
				BEBD74352281B49D0066C8A7 /* GMUDefaultClusterIconGenerator.h */,
				BEBD74342281B49D0066C8A7 /* GMUDefaultClusterIconGenerator.m */,
				BEBD74322281B49D0066C8A7 /* GMUDefaultClusterIconGenerator+Testing.h */,
				BEBD74312281B49D0066C8A7 /* GMUDefaultClusterRenderer.h */,
				BEBD74362281B49D0066C8A7 /* GMUDefaultClusterRenderer.m */,
				BEBD74302281B49D0066C8A7 /* GMUDefaultClusterRenderer+Testing.h */,
				BEBD74282281B4910066C8A7 /* GMUClusterAlgorithm.h */,
				BEBD74232281B4910066C8A7 /* GMUGridBasedClusterAlgorithm.h */,
				BEBD74272281B4910066C8A7 /* GMUGridBasedClusterAlgorithm.m */,
				BEBD74252281B4910066C8A7 /* GMUNonHierarchicalDistanceBasedAlgorithm.h */,
				BEBD74222281B4910066C8A7 /* GMUNonHierarchicalDistanceBasedAlgorithm.m */,
				BEBD742A2281B4910066C8A7 /* GMUSimpleClusterAlgorithm.h */,
				BEBD74262281B4910066C8A7 /* GMUSimpleClusterAlgorithm.m */,
				BEBD74242281B4910066C8A7 /* GMUWrappingDictionaryKey.h */,
				BEBD74292281B4910066C8A7 /* GMUWrappingDictionaryKey.m */,
				BEBD741A2281B0070066C8A7 /* GMUClusterItem.h */,
				BEBD74142281B0070066C8A7 /* GMUClusterManager.h */,
				BEBD74162281B0070066C8A7 /* GMUClusterManager.m */,
				BEBD74182281B0070066C8A7 /* GMUClusterManager+Testing.h */,
				BEBD74152281B0070066C8A7 /* GMUMarkerClustering.h */,
				BEBD741C2281B0080066C8A7 /* GMUStaticCluster.h */,
				BEBD741D2281B0080066C8A7 /* GMUStaticCluster.m */,
				BEB3FCC92257AC76004DFA6B /* GQTBounds.h */,
				BEB3FCC42257AC76004DFA6B /* GQTPoint.h */,
				BEB3FCC72257AC76004DFA6B /* GQTPointQuadTree.h */,
				BEB3FCC52257AC76004DFA6B /* GQTPointQuadTree.m */,
				BEB3FCC82257AC76004DFA6B /* GQTPointQuadTreeChild.h */,
				BEB3FCC62257AC76004DFA6B /* GQTPointQuadTreeChild.m */,
				BEB3FCCA2257AC76004DFA6B /* GQTPointQuadTreeItem.h */,
				BEB3FCBD2257ABC8004DFA6B /* GMUGradient.h */,
				BEB3FCBC2257ABC8004DFA6B /* GMUGradient.m */,
				BEB3FCBE2257ABC8004DFA6B /* GMUHeatmapTileLayer.h */,
				BEB3FCBB2257ABC8004DFA6B /* GMUHeatmapTileLayer.m */,
				BEB3FCBF2257ABC8004DFA6B /* GMUWeightedLatLng.h */,
				BEB3FCC02257ABC8004DFA6B /* GMUWeightedLatLng.m */,
			);
			path = "Google-Maps-iOS-Utils";
			sourceTree = "<group>";
		};
		C98069B286957C6B2EB85FC4 /* Frameworks */ = {
			isa = PBXGroup;
			children = (
				462B58F310E92D3BC146B584 /* Pods_AnimalsSpeak.framework */,
			);
			name = Frameworks;
			sourceTree = "<group>";
		};
/* End PBXGroup section */

/* Begin PBXNativeTarget section */
		1BFC2E791BF1AA7300885EBB /* AnimalsSpeak */ = {
			isa = PBXNativeTarget;
			buildConfigurationList = 1BFC2EA21BF1AA7300885EBB /* Build configuration list for PBXNativeTarget "AnimalsSpeak" */;
			buildPhases = (
				975209D4FA62D26BE2E4CA99 /* [CP] Check Pods Manifest.lock */,
				1BFC2E761BF1AA7300885EBB /* Sources */,
				1BFC2E771BF1AA7300885EBB /* Frameworks */,
				1BFC2E781BF1AA7300885EBB /* Resources */,
				15ECBB217AF75D1452C9A91F /* [CP] Embed Pods Frameworks */,
				6B22D18B9A55D2729B143683 /* [CP] Copy Pods Resources */,
			);
			buildRules = (
			);
			dependencies = (
			);
			name = AnimalsSpeak;
			productName = imagepicker;
			productReference = 1BFC2E7A1BF1AA7300885EBB /* AnimalsSpeak.app */;
			productType = "com.apple.product-type.application";
		};
		1BFC2E8D1BF1AA7300885EBB /* AnimalsSpeakTests */ = {
			isa = PBXNativeTarget;
			buildConfigurationList = 1BFC2EA51BF1AA7300885EBB /* Build configuration list for PBXNativeTarget "AnimalsSpeakTests" */;
			buildPhases = (
				1BFC2E8A1BF1AA7300885EBB /* Sources */,
				1BFC2E8B1BF1AA7300885EBB /* Frameworks */,
				1BFC2E8C1BF1AA7300885EBB /* Resources */,
			);
			buildRules = (
			);
			dependencies = (
				1BFC2E901BF1AA7300885EBB /* PBXTargetDependency */,
			);
			name = AnimalsSpeakTests;
			productName = imagepickerTests;
			productReference = 1BFC2E8E1BF1AA7300885EBB /* AnimalsSpeakTests.xctest */;
			productType = "com.apple.product-type.bundle.unit-test";
		};
		1BFC2E981BF1AA7300885EBB /* AnimalsSpeakUITests */ = {
			isa = PBXNativeTarget;
			buildConfigurationList = 1BFC2EA81BF1AA7300885EBB /* Build configuration list for PBXNativeTarget "AnimalsSpeakUITests" */;
			buildPhases = (
				1BFC2E951BF1AA7300885EBB /* Sources */,
				1BFC2E961BF1AA7300885EBB /* Frameworks */,
				1BFC2E971BF1AA7300885EBB /* Resources */,
			);
			buildRules = (
			);
			dependencies = (
				1BFC2E9B1BF1AA7300885EBB /* PBXTargetDependency */,
			);
			name = AnimalsSpeakUITests;
			productName = imagepickerUITests;
			productReference = 1BFC2E991BF1AA7300885EBB /* AnimalsSpeakUITests.xctest */;
			productType = "com.apple.product-type.bundle.ui-testing";
		};
/* End PBXNativeTarget section */

/* Begin PBXProject section */
		1BFC2E721BF1AA7300885EBB /* Project object */ = {
			isa = PBXProject;
			attributes = {
				LastSwiftUpdateCheck = 0710;
				LastUpgradeCheck = 1010;
				ORGANIZATIONNAME = "Sara Robinson";
				TargetAttributes = {
					1BFC2E791BF1AA7300885EBB = {
						CreatedOnToolsVersion = 7.1;
						DevelopmentTeam = 77X54GL6C9;
						LastSwiftMigration = 1010;
					};
					1BFC2E8D1BF1AA7300885EBB = {
						CreatedOnToolsVersion = 7.1;
						LastSwiftMigration = 1010;
						TestTargetID = 1BFC2E791BF1AA7300885EBB;
					};
					1BFC2E981BF1AA7300885EBB = {
						CreatedOnToolsVersion = 7.1;
						LastSwiftMigration = 1010;
						TestTargetID = 1BFC2E791BF1AA7300885EBB;
					};
				};
			};
			buildConfigurationList = 1BFC2E751BF1AA7300885EBB /* Build configuration list for PBXProject "AnimalsSpeak" */;
			compatibilityVersion = "Xcode 3.2";
			developmentRegion = English;
			hasScannedForEncodings = 0;
			knownRegions = (
				en,
				Base,
			);
			mainGroup = 1BFC2E711BF1AA7300885EBB;
			productRefGroup = 1BFC2E7B1BF1AA7300885EBB /* Products */;
			projectDirPath = "";
			projectRoot = "";
			targets = (
				1BFC2E791BF1AA7300885EBB /* AnimalsSpeak */,
				1BFC2E8D1BF1AA7300885EBB /* AnimalsSpeakTests */,
				1BFC2E981BF1AA7300885EBB /* AnimalsSpeakUITests */,
			);
		};
/* End PBXProject section */

/* Begin PBXResourcesBuildPhase section */
		1BFC2E781BF1AA7300885EBB /* Resources */ = {
			isa = PBXResourcesBuildPhase;
			buildActionMask = 2147483647;
			files = (
				1BFC2E881BF1AA7300885EBB /* LaunchScreen.storyboard in Resources */,
				BE3BB82B225A0970005544DD /* icons8-play_filled.png in Resources */,
				BEF9D712226CA60400F39F81 /* GreatOtway.jpg in Resources */,
				BEF9D71A226CAE4A00F39F81 /* WilsonsPromontory.jpg in Resources */,
				BE83BF5B228DBBD0002282BA /* RECORD.gif in Resources */,
				BE83BF5E22918BDE002282BA /* arrow.png in Resources */,
				BEF9D71E226CB07E00F39F81 /* HealesvilleSanctuary.jpg in Resources */,
				1BFC2E831BF1AA7300885EBB /* Main.storyboard in Resources */,
				BEF9D714226CA76F00F39F81 /* Phillip Island.jpg in Resources */,
				BEF9D716226CAB1700F39F81 /* LakeElizabeth.jpg in Resources */,
				BEF9D71C226CB02300F39F81 /* TowerHill.jpg in Resources */,
				BE9EB34022773BA800D68188 /* Assets.xcassets in Resources */,
				BE44AC532295C77A00B0207F /* icon-76@2x.png in Resources */,
				BEF9D710226C8E9800F39F81 /* HallsGap.jpg in Resources */,
			);
			runOnlyForDeploymentPostprocessing = 0;
		};
		1BFC2E8C1BF1AA7300885EBB /* Resources */ = {
			isa = PBXResourcesBuildPhase;
			buildActionMask = 2147483647;
			files = (
			);
			runOnlyForDeploymentPostprocessing = 0;
		};
		1BFC2E971BF1AA7300885EBB /* Resources */ = {
			isa = PBXResourcesBuildPhase;
			buildActionMask = 2147483647;
			files = (
			);
			runOnlyForDeploymentPostprocessing = 0;
		};
/* End PBXResourcesBuildPhase section */

/* Begin PBXShellScriptBuildPhase section */
		15ECBB217AF75D1452C9A91F /* [CP] Embed Pods Frameworks */ = {
			isa = PBXShellScriptBuildPhase;
			buildActionMask = 2147483647;
			files = (
			);
			inputPaths = (
				"${PODS_ROOT}/Target Support Files/Pods-AnimalsSpeak/Pods-AnimalsSpeak-frameworks.sh",
				"${BUILT_PRODUCTS_DIR}/Alamofire/Alamofire.framework",
				"${BUILT_PRODUCTS_DIR}/AlamofireImage/AlamofireImage.framework",
				"${BUILT_PRODUCTS_DIR}/SwiftGifOrigin/SwiftGifOrigin.framework",
				"${BUILT_PRODUCTS_DIR}/SwiftyJSON/SwiftyJSON.framework",
				"${BUILT_PRODUCTS_DIR}/YoutubePlayer-in-WKWebView/YoutubePlayer_in_WKWebView.framework",
			);
			name = "[CP] Embed Pods Frameworks";
			outputPaths = (
				"${TARGET_BUILD_DIR}/${FRAMEWORKS_FOLDER_PATH}/Alamofire.framework",
				"${TARGET_BUILD_DIR}/${FRAMEWORKS_FOLDER_PATH}/AlamofireImage.framework",
				"${TARGET_BUILD_DIR}/${FRAMEWORKS_FOLDER_PATH}/SwiftGifOrigin.framework",
				"${TARGET_BUILD_DIR}/${FRAMEWORKS_FOLDER_PATH}/SwiftyJSON.framework",
				"${TARGET_BUILD_DIR}/${FRAMEWORKS_FOLDER_PATH}/YoutubePlayer_in_WKWebView.framework",
			);
			runOnlyForDeploymentPostprocessing = 0;
			shellPath = /bin/sh;
			shellScript = "\"${PODS_ROOT}/Target Support Files/Pods-AnimalsSpeak/Pods-AnimalsSpeak-frameworks.sh\"\n";
			showEnvVarsInLog = 0;
		};
		6B22D18B9A55D2729B143683 /* [CP] Copy Pods Resources */ = {
			isa = PBXShellScriptBuildPhase;
			buildActionMask = 2147483647;
			files = (
			);
			inputPaths = (
				"${PODS_ROOT}/Target Support Files/Pods-AnimalsSpeak/Pods-AnimalsSpeak-resources.sh",
				"${PODS_ROOT}/GoogleMaps/Maps/Frameworks/GoogleMaps.framework/Resources/GoogleMaps.bundle",
				"${PODS_ROOT}/GooglePlaces/Frameworks/GooglePlaces.framework/Resources/GooglePlaces.bundle",
			);
			name = "[CP] Copy Pods Resources";
			outputPaths = (
				"${TARGET_BUILD_DIR}/${UNLOCALIZED_RESOURCES_FOLDER_PATH}/GoogleMaps.bundle",
				"${TARGET_BUILD_DIR}/${UNLOCALIZED_RESOURCES_FOLDER_PATH}/GooglePlaces.bundle",
			);
			runOnlyForDeploymentPostprocessing = 0;
			shellPath = /bin/sh;
			shellScript = "\"${PODS_ROOT}/Target Support Files/Pods-AnimalsSpeak/Pods-AnimalsSpeak-resources.sh\"\n";
			showEnvVarsInLog = 0;
		};
		975209D4FA62D26BE2E4CA99 /* [CP] Check Pods Manifest.lock */ = {
			isa = PBXShellScriptBuildPhase;
			buildActionMask = 2147483647;
			files = (
			);
			inputPaths = (
				"${PODS_PODFILE_DIR_PATH}/Podfile.lock",
				"${PODS_ROOT}/Manifest.lock",
			);
			name = "[CP] Check Pods Manifest.lock";
			outputPaths = (
				"$(DERIVED_FILE_DIR)/Pods-AnimalsSpeak-checkManifestLockResult.txt",
			);
			runOnlyForDeploymentPostprocessing = 0;
			shellPath = /bin/sh;
			shellScript = "diff \"${PODS_PODFILE_DIR_PATH}/Podfile.lock\" \"${PODS_ROOT}/Manifest.lock\" > /dev/null\nif [ $? != 0 ] ; then\n    # print error to STDERR\n    echo \"error: The sandbox is not in sync with the Podfile.lock. Run 'pod install' or update your CocoaPods installation.\" >&2\n    exit 1\nfi\n# This output is used by Xcode 'outputs' to avoid re-running this script phase.\necho \"SUCCESS\" > \"${SCRIPT_OUTPUT_FILE_0}\"\n";
			showEnvVarsInLog = 0;
		};
/* End PBXShellScriptBuildPhase section */

/* Begin PBXSourcesBuildPhase section */
		1BFC2E761BF1AA7300885EBB /* Sources */ = {
			isa = PBXSourcesBuildPhase;
			buildActionMask = 2147483647;
			files = (
				BEA9209622733D0700F0209F /* QuizHomeViewController.swift in Sources */,
				BEBD742B2281B4910066C8A7 /* GMUNonHierarchicalDistanceBasedAlgorithm.m in Sources */,
				BEB3FCAF225797A5004DFA6B /* AnimalDetailViewController .swift in Sources */,
				BEBD742C2281B4910066C8A7 /* GMUSimpleClusterAlgorithm.m in Sources */,
				BEBD74382281B49D0066C8A7 /* GMUDefaultClusterRenderer.m in Sources */,
				BE935EE82274B11700734CA2 /* QuizeResultViewController.swift in Sources */,
				BEF9D709226C8B2D00F39F81 /* ListItem+CoreDataProperties.swift in Sources */,
				BEB3FCCB2257AC76004DFA6B /* GQTPointQuadTree.m in Sources */,
				BE79B89E2258E4F6008EAF9C /* SecondaryAnimalDetailViewController.swift in Sources */,
				BEF01227224C446600456638 /* TabBarController.swift in Sources */,
				BEBD742D2281B4910066C8A7 /* GMUGridBasedClusterAlgorithm.m in Sources */,
				BEAD9B462287021F0063B49C /* TSSlidingUpPanelManager.swift in Sources */,
				BEF9D72A2270D30000F39F81 /* IdentificationPageViewController.swift in Sources */,
				BEF9D704226C474C00F39F81 /* imagepicker.xcdatamodeld in Sources */,
				BEB3FCAD22579799004DFA6B /* AnimalCollectionViewCell.swift in Sources */,
				BEF9D6FF2269886C00F39F81 /* CheckListTableViewCell.swift in Sources */,
				BE935EEE2275941500734CA2 /* ReportDetailViewController.swift in Sources */,
				BEBD73FF2280455B0066C8A7 /* CheckListViewController.swift in Sources */,
				BEF9D70C226C8B2D00F39F81 /* CheckList+CoreDataProperties.swift in Sources */,
				1BFC2E801BF1AA7300885EBB /* ImagePickerViewController.swift in Sources */,
				BEAD9B48228702540063B49C /* SlidingUpViewController.swift in Sources */,
				BEB3FCC22257ABC8004DFA6B /* GMUGradient.m in Sources */,
				BE935EF02275976C00734CA2 /* ReportPageViewController.swift in Sources */,
				BEBD74132281AEFB0066C8A7 /* AlbumsMapViewController.swift in Sources */,
				BE935EF22275BB9E00734CA2 /* EmailPopViewController.swift in Sources */,
				BEE502EB22510DB700D753FE /* APIWorker.swift in Sources */,
				BEBD74212281B0080066C8A7 /* GMUStaticCluster.m in Sources */,
				BEBD742E2281B4910066C8A7 /* GMUWrappingDictionaryKey.m in Sources */,
				BE3BB82F225A719D005544DD /* SearchViewController.swift in Sources */,
				BE935EF42275C8FE00734CA2 /* PdfViewController.swift in Sources */,
				BEBD741E2281B0080066C8A7 /* GMUClusterManager.m in Sources */,
				BE9EB33E22771DED00D68188 /* CBToast.swift in Sources */,
				1BFC2E7E1BF1AA7300885EBB /* AppDelegate.swift in Sources */,
				BEB3FCC12257ABC8004DFA6B /* GMUHeatmapTileLayer.m in Sources */,
				BEF9D70E226C8D5E00F39F81 /* ImageWorker.swift in Sources */,
				BEB3FCCC2257AC76004DFA6B /* GQTPointQuadTreeChild.m in Sources */,
				BEF9D722226E159900F39F81 /* CheclistItemsTableViewCell.swift in Sources */,
				BEB3FCC32257ABC8004DFA6B /* GMUWeightedLatLng.m in Sources */,
				BEF9D70B226C8B2D00F39F81 /* CheckList+CoreDataClass.swift in Sources */,
				BE3BB831225A74D1005544DD /* animal.swift in Sources */,
				BEF01229224C8A6B00456638 /* MapViewController.swift in Sources */,
				BEA920982273583300F0209F /* QuizViewController.swift in Sources */,
				BEF9D728226E211A00F39F81 /* CheckListItemViewController.swift in Sources */,
				BEBD74372281B49D0066C8A7 /* GMUDefaultClusterIconGenerator.m in Sources */,
				BEF9D70A226C8B2D00F39F81 /* ListItem+CoreDataClass.swift in Sources */,
			);
			runOnlyForDeploymentPostprocessing = 0;
		};
		1BFC2E8A1BF1AA7300885EBB /* Sources */ = {
			isa = PBXSourcesBuildPhase;
			buildActionMask = 2147483647;
			files = (
				1BFC2E931BF1AA7300885EBB /* imagepickerTests.swift in Sources */,
			);
			runOnlyForDeploymentPostprocessing = 0;
		};
		1BFC2E951BF1AA7300885EBB /* Sources */ = {
			isa = PBXSourcesBuildPhase;
			buildActionMask = 2147483647;
			files = (
				1BFC2E9E1BF1AA7300885EBB /* imagepickerUITests.swift in Sources */,
			);
			runOnlyForDeploymentPostprocessing = 0;
		};
/* End PBXSourcesBuildPhase section */

/* Begin PBXTargetDependency section */
		1BFC2E901BF1AA7300885EBB /* PBXTargetDependency */ = {
			isa = PBXTargetDependency;
			target = 1BFC2E791BF1AA7300885EBB /* AnimalsSpeak */;
			targetProxy = 1BFC2E8F1BF1AA7300885EBB /* PBXContainerItemProxy */;
		};
		1BFC2E9B1BF1AA7300885EBB /* PBXTargetDependency */ = {
			isa = PBXTargetDependency;
			target = 1BFC2E791BF1AA7300885EBB /* AnimalsSpeak */;
			targetProxy = 1BFC2E9A1BF1AA7300885EBB /* PBXContainerItemProxy */;
		};
/* End PBXTargetDependency section */

/* Begin PBXVariantGroup section */
		1BFC2E811BF1AA7300885EBB /* Main.storyboard */ = {
			isa = PBXVariantGroup;
			children = (
				1BFC2E821BF1AA7300885EBB /* Base */,
			);
			name = Main.storyboard;
			sourceTree = "<group>";
		};
		1BFC2E861BF1AA7300885EBB /* LaunchScreen.storyboard */ = {
			isa = PBXVariantGroup;
			children = (
				1BFC2E871BF1AA7300885EBB /* Base */,
			);
			name = LaunchScreen.storyboard;
			sourceTree = "<group>";
		};
/* End PBXVariantGroup section */

/* Begin XCBuildConfiguration section */
		1BFC2EA01BF1AA7300885EBB /* Debug */ = {
			isa = XCBuildConfiguration;
			buildSettings = {
				ALWAYS_SEARCH_USER_PATHS = NO;
				CLANG_CXX_LANGUAGE_STANDARD = "gnu++0x";
				CLANG_CXX_LIBRARY = "libc++";
				CLANG_ENABLE_MODULES = YES;
				CLANG_ENABLE_OBJC_ARC = YES;
				CLANG_WARN_BLOCK_CAPTURE_AUTORELEASING = YES;
				CLANG_WARN_BOOL_CONVERSION = YES;
				CLANG_WARN_COMMA = YES;
				CLANG_WARN_CONSTANT_CONVERSION = YES;
				CLANG_WARN_DEPRECATED_OBJC_IMPLEMENTATIONS = YES;
				CLANG_WARN_DIRECT_OBJC_ISA_USAGE = YES_ERROR;
				CLANG_WARN_EMPTY_BODY = YES;
				CLANG_WARN_ENUM_CONVERSION = YES;
				CLANG_WARN_INFINITE_RECURSION = YES;
				CLANG_WARN_INT_CONVERSION = YES;
				CLANG_WARN_NON_LITERAL_NULL_CONVERSION = YES;
				CLANG_WARN_OBJC_IMPLICIT_RETAIN_SELF = YES;
				CLANG_WARN_OBJC_LITERAL_CONVERSION = YES;
				CLANG_WARN_OBJC_ROOT_CLASS = YES_ERROR;
				CLANG_WARN_RANGE_LOOP_ANALYSIS = YES;
				CLANG_WARN_STRICT_PROTOTYPES = YES;
				CLANG_WARN_SUSPICIOUS_MOVE = YES;
				CLANG_WARN_UNREACHABLE_CODE = YES;
				CLANG_WARN__DUPLICATE_METHOD_MATCH = YES;
				"CODE_SIGN_IDENTITY[sdk=iphoneos*]" = "iPhone Developer";
				COPY_PHASE_STRIP = NO;
				DEBUG_INFORMATION_FORMAT = dwarf;
				ENABLE_STRICT_OBJC_MSGSEND = YES;
				ENABLE_TESTABILITY = YES;
				GCC_C_LANGUAGE_STANDARD = gnu99;
				GCC_DYNAMIC_NO_PIC = NO;
				GCC_NO_COMMON_BLOCKS = YES;
				GCC_OPTIMIZATION_LEVEL = 0;
				GCC_PREPROCESSOR_DEFINITIONS = (
					"DEBUG=1",
					"$(inherited)",
				);
				GCC_WARN_64_TO_32_BIT_CONVERSION = YES;
				GCC_WARN_ABOUT_RETURN_TYPE = YES_ERROR;
				GCC_WARN_UNDECLARED_SELECTOR = YES;
				GCC_WARN_UNINITIALIZED_AUTOS = YES_AGGRESSIVE;
				GCC_WARN_UNUSED_FUNCTION = YES;
				GCC_WARN_UNUSED_VARIABLE = YES;
				IPHONEOS_DEPLOYMENT_TARGET = 10.1;
				MTL_ENABLE_DEBUG_INFO = YES;
				ONLY_ACTIVE_ARCH = YES;
				SDKROOT = iphoneos;
				SWIFT_OPTIMIZATION_LEVEL = "-Onone";
				TARGETED_DEVICE_FAMILY = "1,2";
			};
			name = Debug;
		};
		1BFC2EA11BF1AA7300885EBB /* Release */ = {
			isa = XCBuildConfiguration;
			buildSettings = {
				ALWAYS_SEARCH_USER_PATHS = NO;
				CLANG_CXX_LANGUAGE_STANDARD = "gnu++0x";
				CLANG_CXX_LIBRARY = "libc++";
				CLANG_ENABLE_MODULES = YES;
				CLANG_ENABLE_OBJC_ARC = YES;
				CLANG_WARN_BLOCK_CAPTURE_AUTORELEASING = YES;
				CLANG_WARN_BOOL_CONVERSION = YES;
				CLANG_WARN_COMMA = YES;
				CLANG_WARN_CONSTANT_CONVERSION = YES;
				CLANG_WARN_DEPRECATED_OBJC_IMPLEMENTATIONS = YES;
				CLANG_WARN_DIRECT_OBJC_ISA_USAGE = YES_ERROR;
				CLANG_WARN_EMPTY_BODY = YES;
				CLANG_WARN_ENUM_CONVERSION = YES;
				CLANG_WARN_INFINITE_RECURSION = YES;
				CLANG_WARN_INT_CONVERSION = YES;
				CLANG_WARN_NON_LITERAL_NULL_CONVERSION = YES;
				CLANG_WARN_OBJC_IMPLICIT_RETAIN_SELF = YES;
				CLANG_WARN_OBJC_LITERAL_CONVERSION = YES;
				CLANG_WARN_OBJC_ROOT_CLASS = YES_ERROR;
				CLANG_WARN_RANGE_LOOP_ANALYSIS = YES;
				CLANG_WARN_STRICT_PROTOTYPES = YES;
				CLANG_WARN_SUSPICIOUS_MOVE = YES;
				CLANG_WARN_UNREACHABLE_CODE = YES;
				CLANG_WARN__DUPLICATE_METHOD_MATCH = YES;
				"CODE_SIGN_IDENTITY[sdk=iphoneos*]" = "iPhone Developer";
				COPY_PHASE_STRIP = NO;
				DEBUG_INFORMATION_FORMAT = "dwarf-with-dsym";
				ENABLE_NS_ASSERTIONS = NO;
				ENABLE_STRICT_OBJC_MSGSEND = YES;
				GCC_C_LANGUAGE_STANDARD = gnu99;
				GCC_NO_COMMON_BLOCKS = YES;
				GCC_WARN_64_TO_32_BIT_CONVERSION = YES;
				GCC_WARN_ABOUT_RETURN_TYPE = YES_ERROR;
				GCC_WARN_UNDECLARED_SELECTOR = YES;
				GCC_WARN_UNINITIALIZED_AUTOS = YES_AGGRESSIVE;
				GCC_WARN_UNUSED_FUNCTION = YES;
				GCC_WARN_UNUSED_VARIABLE = YES;
				IPHONEOS_DEPLOYMENT_TARGET = 10.1;
				MTL_ENABLE_DEBUG_INFO = NO;
				SDKROOT = iphoneos;
				SWIFT_OPTIMIZATION_LEVEL = "-Owholemodule";
				TARGETED_DEVICE_FAMILY = "1,2";
				VALIDATE_PRODUCT = YES;
			};
			name = Release;
		};
		1BFC2EA31BF1AA7300885EBB /* Debug */ = {
			isa = XCBuildConfiguration;
			baseConfigurationReference = F69A54D55F1D8E7C00C32240 /* Pods-AnimalsSpeak.debug.xcconfig */;
			buildSettings = {
				ALWAYS_EMBED_SWIFT_STANDARD_LIBRARIES = YES;
				ASSETCATALOG_COMPILER_APPICON_NAME = AppIcon;
				ASSETCATALOG_COMPILER_LAUNCHIMAGE_NAME = "LaunchImage-2";
				CLANG_OPTIMIZATION_PROFILE_FILE = "$(SDKROOT)/OptimizationProfiles/$(PROJECT_NAME).profdata";
				CODE_SIGN_IDENTITY = "iPhone Developer";
				"CODE_SIGN_IDENTITY[sdk=iphoneos*]" = "iPhone Developer";
				DEVELOPMENT_TEAM = 77X54GL6C9;
				FRAMEWORK_SEARCH_PATHS = (
					"$(inherited)",
					"$(PROJECT_DIR)/build/Debug-iphoneos",
				);
				INFOPLIST_FILE = "$(SRCROOT)/AnimalsSpeak/Info.plist";
				LD_RUNPATH_SEARCH_PATHS = "$(inherited) @executable_path/Frameworks";
				PRODUCT_BUNDLE_IDENTIFIER = AnimalsSpeak;
				PRODUCT_NAME = "$(TARGET_NAME)";
				PROVISIONING_PROFILE = "";
				SWIFT_OBJC_BRIDGING_HEADER = "imagepicker-Bridging-Header.h";
				SWIFT_OBJC_INTERFACE_HEADER_NAME = "";
				SWIFT_SWIFT3_OBJC_INFERENCE = On;
				SWIFT_VERSION = 4.2;
			};
			name = Debug;
		};
		1BFC2EA41BF1AA7300885EBB /* Release */ = {
			isa = XCBuildConfiguration;
			baseConfigurationReference = 74020C5A34CCEA46BB743E3C /* Pods-AnimalsSpeak.release.xcconfig */;
			buildSettings = {
				ALWAYS_EMBED_SWIFT_STANDARD_LIBRARIES = YES;
				ASSETCATALOG_COMPILER_APPICON_NAME = AppIcon;
				ASSETCATALOG_COMPILER_LAUNCHIMAGE_NAME = "LaunchImage-2";
				CLANG_OPTIMIZATION_PROFILE_FILE = "$(SDKROOT)/OptimizationProfiles/$(PROJECT_NAME).profdata";
				CODE_SIGN_IDENTITY = "iPhone Developer";
				"CODE_SIGN_IDENTITY[sdk=iphoneos*]" = "iPhone Developer";
				DEVELOPMENT_TEAM = 77X54GL6C9;
				FRAMEWORK_SEARCH_PATHS = (
					"$(inherited)",
					"$(PROJECT_DIR)/build/Debug-iphoneos",
				);
				INFOPLIST_FILE = "$(SRCROOT)/AnimalsSpeak/Info.plist";
				LD_RUNPATH_SEARCH_PATHS = "$(inherited) @executable_path/Frameworks";
				PRODUCT_BUNDLE_IDENTIFIER = AnimalsSpeak;
				PRODUCT_NAME = "$(TARGET_NAME)";
				PROVISIONING_PROFILE = "";
				SWIFT_OBJC_BRIDGING_HEADER = "imagepicker-Bridging-Header.h";
				SWIFT_OBJC_INTERFACE_HEADER_NAME = "";
				SWIFT_SWIFT3_OBJC_INFERENCE = On;
				SWIFT_VERSION = 4.2;
			};
			name = Release;
		};
		1BFC2EA61BF1AA7300885EBB /* Debug */ = {
			isa = XCBuildConfiguration;
			buildSettings = {
				BUNDLE_LOADER = "$(TEST_HOST)";
				INFOPLIST_FILE = imagepickerTests/Info.plist;
				LD_RUNPATH_SEARCH_PATHS = "$(inherited) @executable_path/Frameworks @loader_path/Frameworks";
				PRODUCT_BUNDLE_IDENTIFIER = com.sara.woot.imagepickerTests;
				PRODUCT_NAME = "$(TARGET_NAME)";
				SWIFT_SWIFT3_OBJC_INFERENCE = On;
				SWIFT_VERSION = 4.2;
				TEST_HOST = "$(BUILT_PRODUCTS_DIR)/AnimalsSpeak.app/AnimalsSpeak";
			};
			name = Debug;
		};
		1BFC2EA71BF1AA7300885EBB /* Release */ = {
			isa = XCBuildConfiguration;
			buildSettings = {
				BUNDLE_LOADER = "$(TEST_HOST)";
				INFOPLIST_FILE = imagepickerTests/Info.plist;
				LD_RUNPATH_SEARCH_PATHS = "$(inherited) @executable_path/Frameworks @loader_path/Frameworks";
				PRODUCT_BUNDLE_IDENTIFIER = com.sara.woot.imagepickerTests;
				PRODUCT_NAME = "$(TARGET_NAME)";
				SWIFT_SWIFT3_OBJC_INFERENCE = On;
				SWIFT_VERSION = 4.2;
				TEST_HOST = "$(BUILT_PRODUCTS_DIR)/AnimalsSpeak.app/AnimalsSpeak";
			};
			name = Release;
		};
		1BFC2EA91BF1AA7300885EBB /* Debug */ = {
			isa = XCBuildConfiguration;
			buildSettings = {
				INFOPLIST_FILE = imagepickerUITests/Info.plist;
				LD_RUNPATH_SEARCH_PATHS = "$(inherited) @executable_path/Frameworks @loader_path/Frameworks";
				PRODUCT_BUNDLE_IDENTIFIER = com.sara.woot.imagepickerUITests;
				PRODUCT_NAME = "$(TARGET_NAME)";
				SWIFT_SWIFT3_OBJC_INFERENCE = On;
				SWIFT_VERSION = 4.2;
				TEST_TARGET_NAME = imagepicker;
				USES_XCTRUNNER = YES;
			};
			name = Debug;
		};
		1BFC2EAA1BF1AA7300885EBB /* Release */ = {
			isa = XCBuildConfiguration;
			buildSettings = {
				INFOPLIST_FILE = imagepickerUITests/Info.plist;
				LD_RUNPATH_SEARCH_PATHS = "$(inherited) @executable_path/Frameworks @loader_path/Frameworks";
				PRODUCT_BUNDLE_IDENTIFIER = com.sara.woot.imagepickerUITests;
				PRODUCT_NAME = "$(TARGET_NAME)";
				SWIFT_SWIFT3_OBJC_INFERENCE = On;
				SWIFT_VERSION = 4.2;
				TEST_TARGET_NAME = imagepicker;
				USES_XCTRUNNER = YES;
			};
			name = Release;
		};
/* End XCBuildConfiguration section */

/* Begin XCConfigurationList section */
		1BFC2E751BF1AA7300885EBB /* Build configuration list for PBXProject "AnimalsSpeak" */ = {
			isa = XCConfigurationList;
			buildConfigurations = (
				1BFC2EA01BF1AA7300885EBB /* Debug */,
				1BFC2EA11BF1AA7300885EBB /* Release */,
			);
			defaultConfigurationIsVisible = 0;
			defaultConfigurationName = Release;
		};
		1BFC2EA21BF1AA7300885EBB /* Build configuration list for PBXNativeTarget "AnimalsSpeak" */ = {
			isa = XCConfigurationList;
			buildConfigurations = (
				1BFC2EA31BF1AA7300885EBB /* Debug */,
				1BFC2EA41BF1AA7300885EBB /* Release */,
			);
			defaultConfigurationIsVisible = 0;
			defaultConfigurationName = Release;
		};
		1BFC2EA51BF1AA7300885EBB /* Build configuration list for PBXNativeTarget "AnimalsSpeakTests" */ = {
			isa = XCConfigurationList;
			buildConfigurations = (
				1BFC2EA61BF1AA7300885EBB /* Debug */,
				1BFC2EA71BF1AA7300885EBB /* Release */,
			);
			defaultConfigurationIsVisible = 0;
			defaultConfigurationName = Release;
		};
		1BFC2EA81BF1AA7300885EBB /* Build configuration list for PBXNativeTarget "AnimalsSpeakUITests" */ = {
			isa = XCConfigurationList;
			buildConfigurations = (
				1BFC2EA91BF1AA7300885EBB /* Debug */,
				1BFC2EAA1BF1AA7300885EBB /* Release */,
			);
			defaultConfigurationIsVisible = 0;
			defaultConfigurationName = Release;
		};
/* End XCConfigurationList section */

/* Begin XCVersionGroup section */
		BEF9D702226C474C00F39F81 /* imagepicker.xcdatamodeld */ = {
			isa = XCVersionGroup;
			children = (
				BEF9D703226C474C00F39F81 /* imagepicker.xcdatamodel */,
			);
			currentVersion = BEF9D703226C474C00F39F81 /* imagepicker.xcdatamodel */;
			path = imagepicker.xcdatamodeld;
			sourceTree = "<group>";
			versionGroupType = wrapper.xcdatamodel;
		};
/* End XCVersionGroup section */
	};
	rootObject = 1BFC2E721BF1AA7300885EBB /* Project object */;
}
